
Microsoft Visual Studio Solution File, Format Version 12.00
# Visual Studio Version 17
VisualStudioVersion = 17.4.33205.214
MinimumVisualStudioVersion = 10.0.40219.1
Project("{FAE04EC0-301F-11D3-BF4B-00C04F79EFBC}") = "Task2", "Task2\Task2.csproj", "{0EEDD7C5-4064-4FE6-9B2A-C74340A3316B}"
EndProject
Global
	GlobalSection(SolutionConfigurationPlatforms) = preSolution
		Debug|Any CPU = Debug|Any CPU
		Release|Any CPU = Release|Any CPU
	EndGlobalSection
	GlobalSection(ProjectConfigurationPlatforms) = postSolution
		{0EEDD7C5-4064-4FE6-9B2A-C74340A3316B}.Debug|Any CPU.ActiveCfg = Debug|Any CPU
		{0EEDD7C5-4064-4FE6-9B2A-C74340A3316B}.Debug|Any CPU.Build.0 = Debug|Any CPU
		{0EEDD7C5-4064-4FE6-9B2A-C74340A3316B}.Release|Any CPU.ActiveCfg = Release|Any CPU
		{0EEDD7C5-4064-4FE6-9B2A-C74340A3316B}.Release|Any CPU.Build.0 = Release|Any CPU
	EndGlobalSection
	GlobalSection(SolutionProperties) = preSolution
		HideSolutionNode = FALSE
	EndGlobalSection
	GlobalSection(ExtensibilityGlobals) = postSolution
		SolutionGuid = {D57F3C10-3F2E-47CB-9B10-4F1C5E4E9EB9}
	EndGlobalSection
EndGlobal
